// !$*UTF8*$!
{
	archiveVersion = 1;
	classes = {
	};
	objectVersion = 50;
	objects = {

/* Begin PBXBuildFile section */
		9F1EAA8A25431CB3007643F6 /* AppDelegate.swift in Sources */ = {isa = PBXBuildFile; fileRef = 9F1EAA8925431CB3007643F6 /* AppDelegate.swift */; };
		9F1EAA8D25431CB3007643F6 /* Main.storyboard in Resources */ = {isa = PBXBuildFile; fileRef = 9F1EAA8B25431CB3007643F6 /* Main.storyboard */; };
		9F1EAA8F25431CB3007643F6 /* ViewController.swift in Sources */ = {isa = PBXBuildFile; fileRef = 9F1EAA8E25431CB3007643F6 /* ViewController.swift */; };
		9F1EAA9125431CB4007643F6 /* Assets.xcassets in Resources */ = {isa = PBXBuildFile; fileRef = 9F1EAA9025431CB4007643F6 /* Assets.xcassets */; };
		9F1EAA9825431CB4007643F6 /* DEFINITY Extension.appex in Embed App Extensions */ = {isa = PBXBuildFile; fileRef = 9F1EAA9725431CB4007643F6 /* DEFINITY Extension.appex */; settings = {ATTRIBUTES = (RemoveHeadersOnCopy, ); }; };
		9F1EAA9D25431CB4007643F6 /* Cocoa.framework in Frameworks */ = {isa = PBXBuildFile; fileRef = 9F1EAA9C25431CB4007643F6 /* Cocoa.framework */; };
		9F1EAAA025431CB4007643F6 /* SafariWebExtensionHandler.swift in Sources */ = {isa = PBXBuildFile; fileRef = 9F1EAA9F25431CB4007643F6 /* SafariWebExtensionHandler.swift */; };
		9F1EAAA325431CB4007643F6 /* _locales in Resources */ = {isa = PBXBuildFile; fileRef = 9F1EAAA225431CB4007643F6 /* _locales */; };
		9F1EAAA525431CB4007643F6 /* icon in Resources */ = {isa = PBXBuildFile; fileRef = 9F1EAAA425431CB4007643F6 /* icon */; };
		9F1EAAA725431CB4007643F6 /* manifest.json in Resources */ = {isa = PBXBuildFile; fileRef = 9F1EAAA625431CB4007643F6 /* manifest.json */; };
		9F1EAAAD25431CB4007643F6 /* popup.html in Resources */ = {isa = PBXBuildFile; fileRef = 9F1EAAAC25431CB4007643F6 /* popup.html */; };
		9F1EAAAF25431CB4007643F6 /* popup.css in Resources */ = {isa = PBXBuildFile; fileRef = 9F1EAAAE25431CB4007643F6 /* popup.css */; };
		9FF7146E255D83DC00900281 /* bootstrap.min.css.map in Sources */ = {isa = PBXBuildFile; fileRef = 9FF7146D255D83DC00900281 /* bootstrap.min.css.map */; };
		9FF71476255D840800900281 /* bootstrap.min.css in Sources */ = {isa = PBXBuildFile; fileRef = 9FF71475255D840800900281 /* bootstrap.min.css */; };
/* End PBXBuildFile section */

/* Begin PBXContainerItemProxy section */
		9F1EAA9925431CB4007643F6 /* PBXContainerItemProxy */ = {
			isa = PBXContainerItemProxy;
			containerPortal = 9F1EAA7D25431CB3007643F6 /* Project object */;
			proxyType = 1;
			remoteGlobalIDString = 9F1EAA9625431CB4007643F6;
			remoteInfo = "DEFINITY Extension";
		};
/* End PBXContainerItemProxy section */

/* Begin PBXCopyFilesBuildPhase section */
		9F1EAAB925431CB4007643F6 /* Embed App Extensions */ = {
			isa = PBXCopyFilesBuildPhase;
			buildActionMask = 2147483647;
			dstPath = "";
			dstSubfolderSpec = 13;
			files = (
				9F1EAA9825431CB4007643F6 /* DEFINITY Extension.appex in Embed App Extensions */,
			);
			name = "Embed App Extensions";
			runOnlyForDeploymentPostprocessing = 0;
		};
/* End PBXCopyFilesBuildPhase section */

/* Begin PBXFileReference section */
		9F1EAA8525431CB3007643F6 /* DEFINITY.app */ = {isa = PBXFileReference; explicitFileType = wrapper.application; includeInIndex = 0; path = DEFINITY.app; sourceTree = BUILT_PRODUCTS_DIR; };
		9F1EAA8825431CB3007643F6 /* DEFINITY.entitlements */ = {isa = PBXFileReference; lastKnownFileType = text.plist.entitlements; path = DEFINITY.entitlements; sourceTree = "<group>"; };
		9F1EAA8925431CB3007643F6 /* AppDelegate.swift */ = {isa = PBXFileReference; lastKnownFileType = sourcecode.swift; path = AppDelegate.swift; sourceTree = "<group>"; };
		9F1EAA8C25431CB3007643F6 /* Base */ = {isa = PBXFileReference; lastKnownFileType = file.storyboard; name = Base; path = Base.lproj/Main.storyboard; sourceTree = "<group>"; };
		9F1EAA8E25431CB3007643F6 /* ViewController.swift */ = {isa = PBXFileReference; lastKnownFileType = sourcecode.swift; path = ViewController.swift; sourceTree = "<group>"; };
		9F1EAA9025431CB4007643F6 /* Assets.xcassets */ = {isa = PBXFileReference; lastKnownFileType = folder.assetcatalog; path = Assets.xcassets; sourceTree = "<group>"; };
		9F1EAA9225431CB4007643F6 /* Info.plist */ = {isa = PBXFileReference; lastKnownFileType = text.plist.xml; path = Info.plist; sourceTree = "<group>"; };
		9F1EAA9725431CB4007643F6 /* DEFINITY Extension.appex */ = {isa = PBXFileReference; explicitFileType = "wrapper.app-extension"; includeInIndex = 0; path = "DEFINITY Extension.appex"; sourceTree = BUILT_PRODUCTS_DIR; };
		9F1EAA9C25431CB4007643F6 /* Cocoa.framework */ = {isa = PBXFileReference; lastKnownFileType = wrapper.framework; name = Cocoa.framework; path = System/Library/Frameworks/Cocoa.framework; sourceTree = SDKROOT; };
		9F1EAA9F25431CB4007643F6 /* SafariWebExtensionHandler.swift */ = {isa = PBXFileReference; lastKnownFileType = sourcecode.swift; path = SafariWebExtensionHandler.swift; sourceTree = "<group>"; };
		9F1EAAA225431CB4007643F6 /* _locales */ = {isa = PBXFileReference; lastKnownFileType = folder; path = _locales; sourceTree = "<group>"; };
		9F1EAAA425431CB4007643F6 /* icon */ = {isa = PBXFileReference; lastKnownFileType = folder; path = icon; sourceTree = "<group>"; };
		9F1EAAA625431CB4007643F6 /* manifest.json */ = {isa = PBXFileReference; lastKnownFileType = text.json; path = manifest.json; sourceTree = "<group>"; };
		9F1EAAAC25431CB4007643F6 /* popup.html */ = {isa = PBXFileReference; lastKnownFileType = text.html; path = popup.html; sourceTree = "<group>"; };
		9F1EAAAE25431CB4007643F6 /* popup.css */ = {isa = PBXFileReference; lastKnownFileType = text.css; path = popup.css; sourceTree = "<group>"; };
		9F1EAAB225431CB4007643F6 /* Info.plist */ = {isa = PBXFileReference; lastKnownFileType = text.plist.xml; path = Info.plist; sourceTree = "<group>"; };
		9F1EAAB325431CB4007643F6 /* DEFINITY_Extension.entitlements */ = {isa = PBXFileReference; lastKnownFileType = text.plist.entitlements; path = DEFINITY_Extension.entitlements; sourceTree = "<group>"; };
		9FF7146D255D83DC00900281 /* bootstrap.min.css.map */ = {isa = PBXFileReference; lastKnownFileType = "sourcecode.module-map"; path = bootstrap.min.css.map; sourceTree = "<group>"; };
		9FF71475255D840800900281 /* bootstrap.min.css */ = {isa = PBXFileReference; lastKnownFileType = text.css; path = bootstrap.min.css; sourceTree = "<group>"; };
/* End PBXFileReference section */

/* Begin PBXFrameworksBuildPhase section */
		9F1EAA8225431CB3007643F6 /* Frameworks */ = {
			isa = PBXFrameworksBuildPhase;
			buildActionMask = 2147483647;
			files = (
			);
			runOnlyForDeploymentPostprocessing = 0;
		};
		9F1EAA9425431CB4007643F6 /* Frameworks */ = {
			isa = PBXFrameworksBuildPhase;
			buildActionMask = 2147483647;
			files = (
				9F1EAA9D25431CB4007643F6 /* Cocoa.framework in Frameworks */,
			);
			runOnlyForDeploymentPostprocessing = 0;
		};
/* End PBXFrameworksBuildPhase section */

/* Begin PBXGroup section */
		9F1EAA7C25431CB3007643F6 = {
			isa = PBXGroup;
			children = (
				9F1EAA8725431CB3007643F6 /* DEFINITY */,
				9F1EAA9E25431CB4007643F6 /* DEFINITY Extension */,
				9F1EAA9B25431CB4007643F6 /* Frameworks */,
				9F1EAA8625431CB3007643F6 /* Products */,
			);
			sourceTree = "<group>";
		};
		9F1EAA8625431CB3007643F6 /* Products */ = {
			isa = PBXGroup;
			children = (
				9F1EAA8525431CB3007643F6 /* DEFINITY.app */,
				9F1EAA9725431CB4007643F6 /* DEFINITY Extension.appex */,
			);
			name = Products;
			sourceTree = "<group>";
		};
		9F1EAA8725431CB3007643F6 /* DEFINITY */ = {
			isa = PBXGroup;
			children = (
				9F1EAA8825431CB3007643F6 /* DEFINITY.entitlements */,
				9F1EAA8925431CB3007643F6 /* AppDelegate.swift */,
				9F1EAA8B25431CB3007643F6 /* Main.storyboard */,
				9F1EAA8E25431CB3007643F6 /* ViewController.swift */,
				9F1EAA9025431CB4007643F6 /* Assets.xcassets */,
				9F1EAA9225431CB4007643F6 /* Info.plist */,
			);
			path = DEFINITY;
			sourceTree = "<group>";
		};
		9F1EAA9B25431CB4007643F6 /* Frameworks */ = {
			isa = PBXGroup;
			children = (
				9F1EAA9C25431CB4007643F6 /* Cocoa.framework */,
			);
			name = Frameworks;
			sourceTree = "<group>";
		};
		9F1EAA9E25431CB4007643F6 /* DEFINITY Extension */ = {
			isa = PBXGroup;
			children = (
				9F1EAA9F25431CB4007643F6 /* SafariWebExtensionHandler.swift */,
				9F1EAAB225431CB4007643F6 /* Info.plist */,
				9F1EAAB325431CB4007643F6 /* DEFINITY_Extension.entitlements */,
				9F1EAAA125431CB4007643F6 /* Resources */,
			);
			path = "DEFINITY Extension";
			sourceTree = "<group>";
		};
		9F1EAAA125431CB4007643F6 /* Resources */ = {
			isa = PBXGroup;
			children = (
				9FF7146C255D838800900281 /* assets */,
				9FF7146A255D834A00900281 /* css */,
				9F1EAABF25431D61007643F6 /* js */,
				9F1EAAA225431CB4007643F6 /* _locales */,
				9F1EAAA625431CB4007643F6 /* manifest.json */,
				9F1EAAAC25431CB4007643F6 /* popup.html */,
			);
			path = Resources;
			sourceTree = "<group>";
		};
		9F1EAABF25431D61007643F6 /* js */ = {
			isa = PBXGroup;
			children = (
			);
			path = js;
			sourceTree = "<group>";
		};
		9FF7146A255D834A00900281 /* css */ = {
			isa = PBXGroup;
			children = (
				9F1EAAAE25431CB4007643F6 /* popup.css */,
				9FF7146D255D83DC00900281 /* bootstrap.min.css.map */,
				9FF71475255D840800900281 /* bootstrap.min.css */,
			);
			path = css;
			sourceTree = "<group>";
		};
		9FF7146C255D838800900281 /* assets */ = {
			isa = PBXGroup;
			children = (
				9F1EAAA425431CB4007643F6 /* icon */,
			);
			path = assets;
			sourceTree = "<group>";
		};
/* End PBXGroup section */

/* Begin PBXNativeTarget section */
		9F1EAA8425431CB3007643F6 /* DEFINITY */ = {
			isa = PBXNativeTarget;
			buildConfigurationList = 9F1EAABA25431CB4007643F6 /* Build configuration list for PBXNativeTarget "DEFINITY" */;
			buildPhases = (
				9F1EAA8125431CB3007643F6 /* Sources */,
				9F1EAA8225431CB3007643F6 /* Frameworks */,
				9F1EAA8325431CB3007643F6 /* Resources */,
				9F1EAAB925431CB4007643F6 /* Embed App Extensions */,
			);
			buildRules = (
			);
			dependencies = (
				9F1EAA9A25431CB4007643F6 /* PBXTargetDependency */,
			);
			name = DEFINITY;
			productName = DEFINITY;
			productReference = 9F1EAA8525431CB3007643F6 /* DEFINITY.app */;
			productType = "com.apple.product-type.application";
		};
		9F1EAA9625431CB4007643F6 /* DEFINITY Extension */ = {
			isa = PBXNativeTarget;
			buildConfigurationList = 9F1EAAB625431CB4007643F6 /* Build configuration list for PBXNativeTarget "DEFINITY Extension" */;
			buildPhases = (
				9F1EAA9325431CB4007643F6 /* Sources */,
				9F1EAA9425431CB4007643F6 /* Frameworks */,
				9F1EAA9525431CB4007643F6 /* Resources */,
			);
			buildRules = (
			);
			dependencies = (
			);
			name = "DEFINITY Extension";
			productName = "DEFINITY Extension";
			productReference = 9F1EAA9725431CB4007643F6 /* DEFINITY Extension.appex */;
			productType = "com.apple.product-type.app-extension";
		};
/* End PBXNativeTarget section */

/* Begin PBXProject section */
		9F1EAA7D25431CB3007643F6 /* Project object */ = {
			isa = PBXProject;
			attributes = {
				LastSwiftUpdateCheck = 1210;
				LastUpgradeCheck = 1210;
				TargetAttributes = {
					9F1EAA8425431CB3007643F6 = {
						CreatedOnToolsVersion = 12.1;
					};
					9F1EAA9625431CB4007643F6 = {
						CreatedOnToolsVersion = 12.1;
					};
				};
			};
			buildConfigurationList = 9F1EAA8025431CB3007643F6 /* Build configuration list for PBXProject "DEFINITY" */;
			compatibilityVersion = "Xcode 9.3";
			developmentRegion = en;
			hasScannedForEncodings = 0;
			knownRegions = (
				en,
				Base,
			);
			mainGroup = 9F1EAA7C25431CB3007643F6;
			productRefGroup = 9F1EAA8625431CB3007643F6 /* Products */;
			projectDirPath = "";
			projectRoot = "";
			targets = (
				9F1EAA8425431CB3007643F6 /* DEFINITY */,
				9F1EAA9625431CB4007643F6 /* DEFINITY Extension */,
			);
		};
/* End PBXProject section */

/* Begin PBXResourcesBuildPhase section */
		9F1EAA8325431CB3007643F6 /* Resources */ = {
			isa = PBXResourcesBuildPhase;
			buildActionMask = 2147483647;
			files = (
				9F1EAA9125431CB4007643F6 /* Assets.xcassets in Resources */,
				9F1EAA8D25431CB3007643F6 /* Main.storyboard in Resources */,
			);
			runOnlyForDeploymentPostprocessing = 0;
		};
		9F1EAA9525431CB4007643F6 /* Resources */ = {
			isa = PBXResourcesBuildPhase;
			buildActionMask = 2147483647;
			files = (
				9F1EAAAF25431CB4007643F6 /* popup.css in Resources */,
				9F1EAAAD25431CB4007643F6 /* popup.html in Resources */,
				9F1EAAA525431CB4007643F6 /* icon in Resources */,
				9F1EAAA725431CB4007643F6 /* manifest.json in Resources */,
				9F1EAAA325431CB4007643F6 /* _locales in Resources */,
			);
			runOnlyForDeploymentPostprocessing = 0;
		};
/* End PBXResourcesBuildPhase section */

/* Begin PBXSourcesBuildPhase section */
		9F1EAA8125431CB3007643F6 /* Sources */ = {
			isa = PBXSourcesBuildPhase;
			buildActionMask = 2147483647;
			files = (
				9F1EAA8F25431CB3007643F6 /* ViewController.swift in Sources */,
				9F1EAA8A25431CB3007643F6 /* AppDelegate.swift in Sources */,
			);
			runOnlyForDeploymentPostprocessing = 0;
		};
		9F1EAA9325431CB4007643F6 /* Sources */ = {
			isa = PBXSourcesBuildPhase;
			buildActionMask = 2147483647;
			files = (
				9F1EAAA025431CB4007643F6 /* SafariWebExtensionHandler.swift in Sources */,
				9FF71476255D840800900281 /* bootstrap.min.css in Sources */,
				9FF7146E255D83DC00900281 /* bootstrap.min.css.map in Sources */,
			);
			runOnlyForDeploymentPostprocessing = 0;
		};
/* End PBXSourcesBuildPhase section */

/* Begin PBXTargetDependency section */
		9F1EAA9A25431CB4007643F6 /* PBXTargetDependency */ = {
			isa = PBXTargetDependency;
			target = 9F1EAA9625431CB4007643F6 /* DEFINITY Extension */;
			targetProxy = 9F1EAA9925431CB4007643F6 /* PBXContainerItemProxy */;
		};
/* End PBXTargetDependency section */

/* Begin PBXVariantGroup section */
		9F1EAA8B25431CB3007643F6 /* Main.storyboard */ = {
			isa = PBXVariantGroup;
			children = (
				9F1EAA8C25431CB3007643F6 /* Base */,
			);
			name = Main.storyboard;
			sourceTree = "<group>";
		};
/* End PBXVariantGroup section */

/* Begin XCBuildConfiguration section */
		9F1EAAB425431CB4007643F6 /* Debug */ = {
			isa = XCBuildConfiguration;
			buildSettings = {
				ALWAYS_SEARCH_USER_PATHS = NO;
				CLANG_ANALYZER_NONNULL = YES;
				CLANG_ANALYZER_NUMBER_OBJECT_CONVERSION = YES_AGGRESSIVE;
				CLANG_CXX_LANGUAGE_STANDARD = "gnu++14";
				CLANG_CXX_LIBRARY = "libc++";
				CLANG_ENABLE_MODULES = YES;
				CLANG_ENABLE_OBJC_ARC = YES;
				CLANG_ENABLE_OBJC_WEAK = YES;
				CLANG_WARN_BLOCK_CAPTURE_AUTORELEASING = YES;
				CLANG_WARN_BOOL_CONVERSION = YES;
				CLANG_WARN_COMMA = YES;
				CLANG_WARN_CONSTANT_CONVERSION = YES;
				CLANG_WARN_DEPRECATED_OBJC_IMPLEMENTATIONS = YES;
				CLANG_WARN_DIRECT_OBJC_ISA_USAGE = YES_ERROR;
				CLANG_WARN_DOCUMENTATION_COMMENTS = YES;
				CLANG_WARN_EMPTY_BODY = YES;
				CLANG_WARN_ENUM_CONVERSION = YES;
				CLANG_WARN_INFINITE_RECURSION = YES;
				CLANG_WARN_INT_CONVERSION = YES;
				CLANG_WARN_NON_LITERAL_NULL_CONVERSION = YES;
				CLANG_WARN_OBJC_IMPLICIT_RETAIN_SELF = YES;
				CLANG_WARN_OBJC_LITERAL_CONVERSION = YES;
				CLANG_WARN_OBJC_ROOT_CLASS = YES_ERROR;
				CLANG_WARN_QUOTED_INCLUDE_IN_FRAMEWORK_HEADER = YES;
				CLANG_WARN_RANGE_LOOP_ANALYSIS = YES;
				CLANG_WARN_STRICT_PROTOTYPES = YES;
				CLANG_WARN_SUSPICIOUS_MOVE = YES;
				CLANG_WARN_UNGUARDED_AVAILABILITY = YES_AGGRESSIVE;
				CLANG_WARN_UNREACHABLE_CODE = YES;
				CLANG_WARN__DUPLICATE_METHOD_MATCH = YES;
				COPY_PHASE_STRIP = NO;
				DEBUG_INFORMATION_FORMAT = dwarf;
				ENABLE_STRICT_OBJC_MSGSEND = YES;
				ENABLE_TESTABILITY = YES;
				GCC_C_LANGUAGE_STANDARD = gnu11;
				GCC_DYNAMIC_NO_PIC = NO;
				GCC_NO_COMMON_BLOCKS = YES;
				GCC_OPTIMIZATION_LEVEL = 0;
				GCC_PREPROCESSOR_DEFINITIONS = (
					"DEBUG=1",
					"$(inherited)",
				);
				GCC_WARN_64_TO_32_BIT_CONVERSION = YES;
				GCC_WARN_ABOUT_RETURN_TYPE = YES_ERROR;
				GCC_WARN_UNDECLARED_SELECTOR = YES;
				GCC_WARN_UNINITIALIZED_AUTOS = YES_AGGRESSIVE;
				GCC_WARN_UNUSED_FUNCTION = YES;
				GCC_WARN_UNUSED_VARIABLE = YES;
				MACOSX_DEPLOYMENT_TARGET = 10.15;
				MTL_ENABLE_DEBUG_INFO = INCLUDE_SOURCE;
				MTL_FAST_MATH = YES;
				ONLY_ACTIVE_ARCH = YES;
				SDKROOT = macosx;
				SWIFT_ACTIVE_COMPILATION_CONDITIONS = DEBUG;
				SWIFT_OPTIMIZATION_LEVEL = "-Onone";
			};
			name = Debug;
		};
		9F1EAAB525431CB4007643F6 /* Release */ = {
			isa = XCBuildConfiguration;
			buildSettings = {
				ALWAYS_SEARCH_USER_PATHS = NO;
				CLANG_ANALYZER_NONNULL = YES;
				CLANG_ANALYZER_NUMBER_OBJECT_CONVERSION = YES_AGGRESSIVE;
				CLANG_CXX_LANGUAGE_STANDARD = "gnu++14";
				CLANG_CXX_LIBRARY = "libc++";
				CLANG_ENABLE_MODULES = YES;
				CLANG_ENABLE_OBJC_ARC = YES;
				CLANG_ENABLE_OBJC_WEAK = YES;
				CLANG_WARN_BLOCK_CAPTURE_AUTORELEASING = YES;
				CLANG_WARN_BOOL_CONVERSION = YES;
				CLANG_WARN_COMMA = YES;
				CLANG_WARN_CONSTANT_CONVERSION = YES;
				CLANG_WARN_DEPRECATED_OBJC_IMPLEMENTATIONS = YES;
				CLANG_WARN_DIRECT_OBJC_ISA_USAGE = YES_ERROR;
				CLANG_WARN_DOCUMENTATION_COMMENTS = YES;
				CLANG_WARN_EMPTY_BODY = YES;
				CLANG_WARN_ENUM_CONVERSION = YES;
				CLANG_WARN_INFINITE_RECURSION = YES;
				CLANG_WARN_INT_CONVERSION = YES;
				CLANG_WARN_NON_LITERAL_NULL_CONVERSION = YES;
				CLANG_WARN_OBJC_IMPLICIT_RETAIN_SELF = YES;
				CLANG_WARN_OBJC_LITERAL_CONVERSION = YES;
				CLANG_WARN_OBJC_ROOT_CLASS = YES_ERROR;
				CLANG_WARN_QUOTED_INCLUDE_IN_FRAMEWORK_HEADER = YES;
				CLANG_WARN_RANGE_LOOP_ANALYSIS = YES;
				CLANG_WARN_STRICT_PROTOTYPES = YES;
				CLANG_WARN_SUSPICIOUS_MOVE = YES;
				CLANG_WARN_UNGUARDED_AVAILABILITY = YES_AGGRESSIVE;
				CLANG_WARN_UNREACHABLE_CODE = YES;
				CLANG_WARN__DUPLICATE_METHOD_MATCH = YES;
				COPY_PHASE_STRIP = NO;
				DEBUG_INFORMATION_FORMAT = "dwarf-with-dsym";
				ENABLE_NS_ASSERTIONS = NO;
				ENABLE_STRICT_OBJC_MSGSEND = YES;
				GCC_C_LANGUAGE_STANDARD = gnu11;
				GCC_NO_COMMON_BLOCKS = YES;
				GCC_WARN_64_TO_32_BIT_CONVERSION = YES;
				GCC_WARN_ABOUT_RETURN_TYPE = YES_ERROR;
				GCC_WARN_UNDECLARED_SELECTOR = YES;
				GCC_WARN_UNINITIALIZED_AUTOS = YES_AGGRESSIVE;
				GCC_WARN_UNUSED_FUNCTION = YES;
				GCC_WARN_UNUSED_VARIABLE = YES;
				MACOSX_DEPLOYMENT_TARGET = 10.15;
				MTL_ENABLE_DEBUG_INFO = NO;
				MTL_FAST_MATH = YES;
				SDKROOT = macosx;
				SWIFT_COMPILATION_MODE = wholemodule;
				SWIFT_OPTIMIZATION_LEVEL = "-O";
			};
			name = Release;
		};
		9F1EAAB725431CB4007643F6 /* Debug */ = {
			isa = XCBuildConfiguration;
			buildSettings = {
				CODE_SIGN_ENTITLEMENTS = "DEFINITY Extension/DEFINITY_Extension.entitlements";
				CODE_SIGN_STYLE = Automatic;
				DEVELOPMENT_TEAM = TZ7VQP664P;
				ENABLE_HARDENED_RUNTIME = YES;
				INFOPLIST_FILE = "DEFINITY Extension/Info.plist";
				LD_RUNPATH_SEARCH_PATHS = (
					"$(inherited)",
					"@executable_path/../Frameworks",
					"@executable_path/../../../../Frameworks",
				);
				MACOSX_DEPLOYMENT_TARGET = 10.14;
				PRODUCT_BUNDLE_IDENTIFIER = "REGATTE.DEFINITY-Extension";
				PRODUCT_NAME = "$(TARGET_NAME)";
				SKIP_INSTALL = YES;
				SWIFT_VERSION = 5.0;
			};
			name = Debug;
		};
		9F1EAAB825431CB4007643F6 /* Release */ = {
			isa = XCBuildConfiguration;
			buildSettings = {
				CODE_SIGN_ENTITLEMENTS = "DEFINITY Extension/DEFINITY_Extension.entitlements";
				CODE_SIGN_STYLE = Automatic;
				DEVELOPMENT_TEAM = TZ7VQP664P;
				ENABLE_HARDENED_RUNTIME = YES;
				INFOPLIST_FILE = "DEFINITY Extension/Info.plist";
				LD_RUNPATH_SEARCH_PATHS = (
					"$(inherited)",
					"@executable_path/../Frameworks",
					"@executable_path/../../../../Frameworks",
				);
				MACOSX_DEPLOYMENT_TARGET = 10.14;
				PRODUCT_BUNDLE_IDENTIFIER = "REGATTE.DEFINITY-Extension";
				PRODUCT_NAME = "$(TARGET_NAME)";
				SKIP_INSTALL = YES;
				SWIFT_VERSION = 5.0;
			};
			name = Release;
		};
		9F1EAABB25431CB4007643F6 /* Debug */ = {
			isa = XCBuildConfiguration;
			buildSettings = {
				ALWAYS_EMBED_SWIFT_STANDARD_LIBRARIES = YES;
				ASSETCATALOG_COMPILER_APPICON_NAME = AppIcon;
				ASSETCATALOG_COMPILER_GLOBAL_ACCENT_COLOR_NAME = AccentColor;
				CODE_SIGN_ENTITLEMENTS = DEFINITY/DEFINITY.entitlements;
				CODE_SIGN_STYLE = Automatic;
				COMBINE_HIDPI_IMAGES = YES;
				DEVELOPMENT_TEAM = TZ7VQP664P;
				ENABLE_HARDENED_RUNTIME = YES;
				INFOPLIST_FILE = DEFINITY/Info.plist;
				LD_RUNPATH_SEARCH_PATHS = (
					"$(inherited)",
					"@executable_path/../Frameworks",
				);
				MACOSX_DEPLOYMENT_TARGET = 10.14;
				PRODUCT_BUNDLE_IDENTIFIER = REGATTE.DEFINITY;
				PRODUCT_NAME = "$(TARGET_NAME)";
				SWIFT_VERSION = 5.0;
			};
			name = Debug;
		};
		9F1EAABC25431CB4007643F6 /* Release */ = {
			isa = XCBuildConfiguration;
			buildSettings = {
				ALWAYS_EMBED_SWIFT_STANDARD_LIBRARIES = YES;
				ASSETCATALOG_COMPILER_APPICON_NAME = AppIcon;
				ASSETCATALOG_COMPILER_GLOBAL_ACCENT_COLOR_NAME = AccentColor;
				CODE_SIGN_ENTITLEMENTS = DEFINITY/DEFINITY.entitlements;
				CODE_SIGN_STYLE = Automatic;
				COMBINE_HIDPI_IMAGES = YES;
				DEVELOPMENT_TEAM = TZ7VQP664P;
				ENABLE_HARDENED_RUNTIME = YES;
				INFOPLIST_FILE = DEFINITY/Info.plist;
				LD_RUNPATH_SEARCH_PATHS = (
					"$(inherited)",
					"@executable_path/../Frameworks",
				);
				MACOSX_DEPLOYMENT_TARGET = 10.14;
				PRODUCT_BUNDLE_IDENTIFIER = REGATTE.DEFINITY;
				PRODUCT_NAME = "$(TARGET_NAME)";
				SWIFT_VERSION = 5.0;
			};
			name = Release;
		};
/* End XCBuildConfiguration section */

/* Begin XCConfigurationList section */
		9F1EAA8025431CB3007643F6 /* Build configuration list for PBXProject "DEFINITY" */ = {
			isa = XCConfigurationList;
			buildConfigurations = (
				9F1EAAB425431CB4007643F6 /* Debug */,
				9F1EAAB525431CB4007643F6 /* Release */,
			);
			defaultConfigurationIsVisible = 0;
			defaultConfigurationName = Release;
		};
		9F1EAAB625431CB4007643F6 /* Build configuration list for PBXNativeTarget "DEFINITY Extension" */ = {
			isa = XCConfigurationList;
			buildConfigurations = (
				9F1EAAB725431CB4007643F6 /* Debug */,
				9F1EAAB825431CB4007643F6 /* Release */,
			);
			defaultConfigurationIsVisible = 0;
			defaultConfigurationName = Release;
		};
		9F1EAABA25431CB4007643F6 /* Build configuration list for PBXNativeTarget "DEFINITY" */ = {
			isa = XCConfigurationList;
			buildConfigurations = (
				9F1EAABB25431CB4007643F6 /* Debug */,
				9F1EAABC25431CB4007643F6 /* Release */,
			);
			defaultConfigurationIsVisible = 0;
			defaultConfigurationName = Release;
		};
/* End XCConfigurationList section */
	};
	rootObject = 9F1EAA7D25431CB3007643F6 /* Project object */;
}
