// !$*UTF8*$!
{
	archiveVersion = 1;
	classes = {
	};
	objectVersion = 50;
	objects = {

/* Begin PBXBuildFile section */
		9F9457DE255FA9C70024676D /* AppDelegate.swift in Sources */ = {isa = PBXBuildFile; fileRef = 9F9457DD255FA9C70024676D /* AppDelegate.swift */; };
		9F9457E1255FA9C70024676D /* Main.storyboard in Resources */ = {isa = PBXBuildFile; fileRef = 9F9457DF255FA9C70024676D /* Main.storyboard */; };
		9F9457E3255FA9C70024676D /* ViewController.swift in Sources */ = {isa = PBXBuildFile; fileRef = 9F9457E2255FA9C70024676D /* ViewController.swift */; };
		9F9457E5255FA9C80024676D /* Assets.xcassets in Resources */ = {isa = PBXBuildFile; fileRef = 9F9457E4255FA9C80024676D /* Assets.xcassets */; };
		9F9457F0255FA9C80024676D /* DEFINITYTests.swift in Sources */ = {isa = PBXBuildFile; fileRef = 9F9457EF255FA9C80024676D /* DEFINITYTests.swift */; };
		9F9457FB255FA9C80024676D /* DEFINITYUITests.swift in Sources */ = {isa = PBXBuildFile; fileRef = 9F9457FA255FA9C80024676D /* DEFINITYUITests.swift */; };
		9F945802255FA9C80024676D /* DEFINITY Extension.appex in Embed App Extensions */ = {isa = PBXBuildFile; fileRef = 9F945801255FA9C80024676D /* DEFINITY Extension.appex */; settings = {ATTRIBUTES = (RemoveHeadersOnCopy, ); }; };
		9F945807255FA9C80024676D /* Cocoa.framework in Frameworks */ = {isa = PBXBuildFile; fileRef = 9F945806255FA9C80024676D /* Cocoa.framework */; };
		9F94580A255FA9C80024676D /* SafariWebExtensionHandler.swift in Sources */ = {isa = PBXBuildFile; fileRef = 9F945809255FA9C80024676D /* SafariWebExtensionHandler.swift */; };
		9F94580D255FA9C80024676D /* _locales in Resources */ = {isa = PBXBuildFile; fileRef = 9F94580C255FA9C80024676D /* _locales */; };
		9F94580F255FA9C80024676D /* images in Resources */ = {isa = PBXBuildFile; fileRef = 9F94580E255FA9C80024676D /* images */; };
		9F945811255FA9C80024676D /* manifest.json in Resources */ = {isa = PBXBuildFile; fileRef = 9F945810255FA9C80024676D /* manifest.json */; };
		9F945813255FA9C80024676D /* background.js in Resources */ = {isa = PBXBuildFile; fileRef = 9F945812255FA9C80024676D /* background.js */; };
		9F945815255FA9C80024676D /* content.js in Resources */ = {isa = PBXBuildFile; fileRef = 9F945814255FA9C80024676D /* content.js */; };
		9F945817255FA9C80024676D /* popup.html in Resources */ = {isa = PBXBuildFile; fileRef = 9F945816255FA9C80024676D /* popup.html */; };
		9F945819255FA9C80024676D /* popup.css in Resources */ = {isa = PBXBuildFile; fileRef = 9F945818255FA9C80024676D /* popup.css */; };
		9F94581B255FA9C80024676D /* popup.js in Resources */ = {isa = PBXBuildFile; fileRef = 9F94581A255FA9C80024676D /* popup.js */; };
		9F945832255FAA140024676D /* loader.gif in Resources */ = {isa = PBXBuildFile; fileRef = 9F945831255FAA140024676D /* loader.gif */; };
/* End PBXBuildFile section */

/* Begin PBXContainerItemProxy section */
		9F9457EC255FA9C80024676D /* PBXContainerItemProxy */ = {
			isa = PBXContainerItemProxy;
			containerPortal = 9F9457D1255FA9C70024676D /* Project object */;
			proxyType = 1;
			remoteGlobalIDString = 9F9457D8255FA9C70024676D;
			remoteInfo = DEFINITY;
		};
		9F9457F7255FA9C80024676D /* PBXContainerItemProxy */ = {
			isa = PBXContainerItemProxy;
			containerPortal = 9F9457D1255FA9C70024676D /* Project object */;
			proxyType = 1;
			remoteGlobalIDString = 9F9457D8255FA9C70024676D;
			remoteInfo = DEFINITY;
		};
		9F945803255FA9C80024676D /* PBXContainerItemProxy */ = {
			isa = PBXContainerItemProxy;
			containerPortal = 9F9457D1255FA9C70024676D /* Project object */;
			proxyType = 1;
			remoteGlobalIDString = 9F945800255FA9C80024676D;
			remoteInfo = "DEFINITY Extension";
		};
/* End PBXContainerItemProxy section */

/* Begin PBXCopyFilesBuildPhase section */
		9F945823255FA9C80024676D /* Embed App Extensions */ = {
			isa = PBXCopyFilesBuildPhase;
			buildActionMask = 2147483647;
			dstPath = "";
			dstSubfolderSpec = 13;
			files = (
				9F945802255FA9C80024676D /* DEFINITY Extension.appex in Embed App Extensions */,
			);
			name = "Embed App Extensions";
			runOnlyForDeploymentPostprocessing = 0;
		};
/* End PBXCopyFilesBuildPhase section */

/* Begin PBXFileReference section */
		9F9457D9255FA9C70024676D /* DEFINITY.app */ = {isa = PBXFileReference; explicitFileType = wrapper.application; includeInIndex = 0; path = DEFINITY.app; sourceTree = BUILT_PRODUCTS_DIR; };
		9F9457DC255FA9C70024676D /* DEFINITY.entitlements */ = {isa = PBXFileReference; lastKnownFileType = text.plist.entitlements; path = DEFINITY.entitlements; sourceTree = "<group>"; };
		9F9457DD255FA9C70024676D /* AppDelegate.swift */ = {isa = PBXFileReference; lastKnownFileType = sourcecode.swift; path = AppDelegate.swift; sourceTree = "<group>"; };
		9F9457E0255FA9C70024676D /* Base */ = {isa = PBXFileReference; lastKnownFileType = file.storyboard; name = Base; path = Base.lproj/Main.storyboard; sourceTree = "<group>"; };
		9F9457E2255FA9C70024676D /* ViewController.swift */ = {isa = PBXFileReference; lastKnownFileType = sourcecode.swift; path = ViewController.swift; sourceTree = "<group>"; };
		9F9457E4255FA9C80024676D /* Assets.xcassets */ = {isa = PBXFileReference; lastKnownFileType = folder.assetcatalog; path = Assets.xcassets; sourceTree = "<group>"; };
		9F9457E6255FA9C80024676D /* Info.plist */ = {isa = PBXFileReference; lastKnownFileType = text.plist.xml; path = Info.plist; sourceTree = "<group>"; };
		9F9457EB255FA9C80024676D /* DEFINITYTests.xctest */ = {isa = PBXFileReference; explicitFileType = wrapper.cfbundle; includeInIndex = 0; path = DEFINITYTests.xctest; sourceTree = BUILT_PRODUCTS_DIR; };
		9F9457EF255FA9C80024676D /* DEFINITYTests.swift */ = {isa = PBXFileReference; lastKnownFileType = sourcecode.swift; path = DEFINITYTests.swift; sourceTree = "<group>"; };
		9F9457F1255FA9C80024676D /* Info.plist */ = {isa = PBXFileReference; lastKnownFileType = text.plist.xml; path = Info.plist; sourceTree = "<group>"; };
		9F9457F6255FA9C80024676D /* DEFINITYUITests.xctest */ = {isa = PBXFileReference; explicitFileType = wrapper.cfbundle; includeInIndex = 0; path = DEFINITYUITests.xctest; sourceTree = BUILT_PRODUCTS_DIR; };
		9F9457FA255FA9C80024676D /* DEFINITYUITests.swift */ = {isa = PBXFileReference; lastKnownFileType = sourcecode.swift; path = DEFINITYUITests.swift; sourceTree = "<group>"; };
		9F9457FC255FA9C80024676D /* Info.plist */ = {isa = PBXFileReference; lastKnownFileType = text.plist.xml; path = Info.plist; sourceTree = "<group>"; };
		9F945801255FA9C80024676D /* DEFINITY Extension.appex */ = {isa = PBXFileReference; explicitFileType = "wrapper.app-extension"; includeInIndex = 0; path = "DEFINITY Extension.appex"; sourceTree = BUILT_PRODUCTS_DIR; };
		9F945806255FA9C80024676D /* Cocoa.framework */ = {isa = PBXFileReference; lastKnownFileType = wrapper.framework; name = Cocoa.framework; path = System/Library/Frameworks/Cocoa.framework; sourceTree = SDKROOT; };
		9F945809255FA9C80024676D /* SafariWebExtensionHandler.swift */ = {isa = PBXFileReference; lastKnownFileType = sourcecode.swift; path = SafariWebExtensionHandler.swift; sourceTree = "<group>"; };
		9F94580C255FA9C80024676D /* _locales */ = {isa = PBXFileReference; lastKnownFileType = folder; path = _locales; sourceTree = "<group>"; };
		9F94580E255FA9C80024676D /* images */ = {isa = PBXFileReference; lastKnownFileType = folder; path = images; sourceTree = "<group>"; };
		9F945810255FA9C80024676D /* manifest.json */ = {isa = PBXFileReference; lastKnownFileType = text.json; path = manifest.json; sourceTree = "<group>"; };
		9F945812255FA9C80024676D /* background.js */ = {isa = PBXFileReference; lastKnownFileType = sourcecode.javascript; path = background.js; sourceTree = "<group>"; };
		9F945814255FA9C80024676D /* content.js */ = {isa = PBXFileReference; lastKnownFileType = sourcecode.javascript; path = content.js; sourceTree = "<group>"; };
		9F945816255FA9C80024676D /* popup.html */ = {isa = PBXFileReference; lastKnownFileType = text.html; path = popup.html; sourceTree = "<group>"; };
		9F945818255FA9C80024676D /* popup.css */ = {isa = PBXFileReference; lastKnownFileType = text.css; path = popup.css; sourceTree = "<group>"; };
		9F94581A255FA9C80024676D /* popup.js */ = {isa = PBXFileReference; lastKnownFileType = sourcecode.javascript; path = popup.js; sourceTree = "<group>"; };
		9F94581C255FA9C80024676D /* Info.plist */ = {isa = PBXFileReference; lastKnownFileType = text.plist.xml; path = Info.plist; sourceTree = "<group>"; };
		9F94581D255FA9C80024676D /* DEFINITY_Extension.entitlements */ = {isa = PBXFileReference; lastKnownFileType = text.plist.entitlements; path = DEFINITY_Extension.entitlements; sourceTree = "<group>"; };
		9F945831255FAA140024676D /* loader.gif */ = {isa = PBXFileReference; lastKnownFileType = image.gif; name = loader.gif; path = ../../../../Chrome_plugin/loader.gif; sourceTree = "<group>"; };
/* End PBXFileReference section */

/* Begin PBXFrameworksBuildPhase section */
		9F9457D6255FA9C70024676D /* Frameworks */ = {
			isa = PBXFrameworksBuildPhase;
			buildActionMask = 2147483647;
			files = (
			);
			runOnlyForDeploymentPostprocessing = 0;
		};
		9F9457E8255FA9C80024676D /* Frameworks */ = {
			isa = PBXFrameworksBuildPhase;
			buildActionMask = 2147483647;
			files = (
			);
			runOnlyForDeploymentPostprocessing = 0;
		};
		9F9457F3255FA9C80024676D /* Frameworks */ = {
			isa = PBXFrameworksBuildPhase;
			buildActionMask = 2147483647;
			files = (
			);
			runOnlyForDeploymentPostprocessing = 0;
		};
		9F9457FE255FA9C80024676D /* Frameworks */ = {
			isa = PBXFrameworksBuildPhase;
			buildActionMask = 2147483647;
			files = (
				9F945807255FA9C80024676D /* Cocoa.framework in Frameworks */,
			);
			runOnlyForDeploymentPostprocessing = 0;
		};
/* End PBXFrameworksBuildPhase section */

/* Begin PBXGroup section */
		9F9457D0255FA9C70024676D = {
			isa = PBXGroup;
			children = (
				9F9457DB255FA9C70024676D /* DEFINITY */,
				9F9457EE255FA9C80024676D /* DEFINITYTests */,
				9F9457F9255FA9C80024676D /* DEFINITYUITests */,
				9F945808255FA9C80024676D /* DEFINITY Extension */,
				9F945805255FA9C80024676D /* Frameworks */,
				9F9457DA255FA9C70024676D /* Products */,
			);
			sourceTree = "<group>";
		};
		9F9457DA255FA9C70024676D /* Products */ = {
			isa = PBXGroup;
			children = (
				9F9457D9255FA9C70024676D /* DEFINITY.app */,
				9F9457EB255FA9C80024676D /* DEFINITYTests.xctest */,
				9F9457F6255FA9C80024676D /* DEFINITYUITests.xctest */,
				9F945801255FA9C80024676D /* DEFINITY Extension.appex */,
			);
			name = Products;
			sourceTree = "<group>";
		};
		9F9457DB255FA9C70024676D /* DEFINITY */ = {
			isa = PBXGroup;
			children = (
				9F9457DC255FA9C70024676D /* DEFINITY.entitlements */,
				9F9457DD255FA9C70024676D /* AppDelegate.swift */,
				9F9457DF255FA9C70024676D /* Main.storyboard */,
				9F9457E2255FA9C70024676D /* ViewController.swift */,
				9F9457E4255FA9C80024676D /* Assets.xcassets */,
				9F9457E6255FA9C80024676D /* Info.plist */,
			);
			path = DEFINITY;
			sourceTree = "<group>";
		};
		9F9457EE255FA9C80024676D /* DEFINITYTests */ = {
			isa = PBXGroup;
			children = (
				9F9457EF255FA9C80024676D /* DEFINITYTests.swift */,
				9F9457F1255FA9C80024676D /* Info.plist */,
			);
			path = DEFINITYTests;
			sourceTree = "<group>";
		};
		9F9457F9255FA9C80024676D /* DEFINITYUITests */ = {
			isa = PBXGroup;
			children = (
				9F9457FA255FA9C80024676D /* DEFINITYUITests.swift */,
				9F9457FC255FA9C80024676D /* Info.plist */,
			);
			path = DEFINITYUITests;
			sourceTree = "<group>";
		};
		9F945805255FA9C80024676D /* Frameworks */ = {
			isa = PBXGroup;
			children = (
				9F945806255FA9C80024676D /* Cocoa.framework */,
			);
			name = Frameworks;
			sourceTree = "<group>";
		};
		9F945808255FA9C80024676D /* DEFINITY Extension */ = {
			isa = PBXGroup;
			children = (
				9F945809255FA9C80024676D /* SafariWebExtensionHandler.swift */,
				9F94581C255FA9C80024676D /* Info.plist */,
				9F94581D255FA9C80024676D /* DEFINITY_Extension.entitlements */,
				9F94580B255FA9C80024676D /* Resources */,
			);
			path = "DEFINITY Extension";
			sourceTree = "<group>";
		};
		9F94580B255FA9C80024676D /* Resources */ = {
			isa = PBXGroup;
			children = (
				9F945831255FAA140024676D /* loader.gif */,
				9F94580C255FA9C80024676D /* _locales */,
				9F94580E255FA9C80024676D /* images */,
				9F945810255FA9C80024676D /* manifest.json */,
				9F945812255FA9C80024676D /* background.js */,
				9F945814255FA9C80024676D /* content.js */,
				9F945816255FA9C80024676D /* popup.html */,
				9F945818255FA9C80024676D /* popup.css */,
				9F94581A255FA9C80024676D /* popup.js */,
			);
			path = Resources;
			sourceTree = "<group>";
		};
/* End PBXGroup section */

/* Begin PBXNativeTarget section */
		9F9457D8255FA9C70024676D /* DEFINITY */ = {
			isa = PBXNativeTarget;
			buildConfigurationList = 9F945824255FA9C80024676D /* Build configuration list for PBXNativeTarget "DEFINITY" */;
			buildPhases = (
				9F9457D5255FA9C70024676D /* Sources */,
				9F9457D6255FA9C70024676D /* Frameworks */,
				9F9457D7255FA9C70024676D /* Resources */,
				9F945823255FA9C80024676D /* Embed App Extensions */,
			);
			buildRules = (
			);
			dependencies = (
				9F945804255FA9C80024676D /* PBXTargetDependency */,
			);
			name = DEFINITY;
			productName = DEFINITY;
			productReference = 9F9457D9255FA9C70024676D /* DEFINITY.app */;
			productType = "com.apple.product-type.application";
		};
		9F9457EA255FA9C80024676D /* DEFINITYTests */ = {
			isa = PBXNativeTarget;
			buildConfigurationList = 9F945827255FA9C80024676D /* Build configuration list for PBXNativeTarget "DEFINITYTests" */;
			buildPhases = (
				9F9457E7255FA9C80024676D /* Sources */,
				9F9457E8255FA9C80024676D /* Frameworks */,
				9F9457E9255FA9C80024676D /* Resources */,
			);
			buildRules = (
			);
			dependencies = (
				9F9457ED255FA9C80024676D /* PBXTargetDependency */,
			);
			name = DEFINITYTests;
			productName = DEFINITYTests;
			productReference = 9F9457EB255FA9C80024676D /* DEFINITYTests.xctest */;
			productType = "com.apple.product-type.bundle.unit-test";
		};
		9F9457F5255FA9C80024676D /* DEFINITYUITests */ = {
			isa = PBXNativeTarget;
			buildConfigurationList = 9F94582A255FA9C80024676D /* Build configuration list for PBXNativeTarget "DEFINITYUITests" */;
			buildPhases = (
				9F9457F2255FA9C80024676D /* Sources */,
				9F9457F3255FA9C80024676D /* Frameworks */,
				9F9457F4255FA9C80024676D /* Resources */,
			);
			buildRules = (
			);
			dependencies = (
				9F9457F8255FA9C80024676D /* PBXTargetDependency */,
			);
			name = DEFINITYUITests;
			productName = DEFINITYUITests;
			productReference = 9F9457F6255FA9C80024676D /* DEFINITYUITests.xctest */;
			productType = "com.apple.product-type.bundle.ui-testing";
		};
		9F945800255FA9C80024676D /* DEFINITY Extension */ = {
			isa = PBXNativeTarget;
			buildConfigurationList = 9F945820255FA9C80024676D /* Build configuration list for PBXNativeTarget "DEFINITY Extension" */;
			buildPhases = (
				9F9457FD255FA9C80024676D /* Sources */,
				9F9457FE255FA9C80024676D /* Frameworks */,
				9F9457FF255FA9C80024676D /* Resources */,
			);
			buildRules = (
			);
			dependencies = (
			);
			name = "DEFINITY Extension";
			productName = "DEFINITY Extension";
			productReference = 9F945801255FA9C80024676D /* DEFINITY Extension.appex */;
			productType = "com.apple.product-type.app-extension";
		};
/* End PBXNativeTarget section */

/* Begin PBXProject section */
		9F9457D1255FA9C70024676D /* Project object */ = {
			isa = PBXProject;
			attributes = {
				LastSwiftUpdateCheck = 1220;
				LastUpgradeCheck = 1220;
				TargetAttributes = {
					9F9457D8255FA9C70024676D = {
						CreatedOnToolsVersion = 12.2;
					};
					9F9457EA255FA9C80024676D = {
						CreatedOnToolsVersion = 12.2;
						TestTargetID = 9F9457D8255FA9C70024676D;
					};
					9F9457F5255FA9C80024676D = {
						CreatedOnToolsVersion = 12.2;
						TestTargetID = 9F9457D8255FA9C70024676D;
					};
					9F945800255FA9C80024676D = {
						CreatedOnToolsVersion = 12.2;
					};
				};
			};
			buildConfigurationList = 9F9457D4255FA9C70024676D /* Build configuration list for PBXProject "DEFINITY" */;
			compatibilityVersion = "Xcode 9.3";
			developmentRegion = en;
			hasScannedForEncodings = 0;
			knownRegions = (
				en,
				Base,
			);
			mainGroup = 9F9457D0255FA9C70024676D;
			productRefGroup = 9F9457DA255FA9C70024676D /* Products */;
			projectDirPath = "";
			projectRoot = "";
			targets = (
				9F9457D8255FA9C70024676D /* DEFINITY */,
				9F9457EA255FA9C80024676D /* DEFINITYTests */,
				9F9457F5255FA9C80024676D /* DEFINITYUITests */,
				9F945800255FA9C80024676D /* DEFINITY Extension */,
			);
		};
/* End PBXProject section */

/* Begin PBXResourcesBuildPhase section */
		9F9457D7255FA9C70024676D /* Resources */ = {
			isa = PBXResourcesBuildPhase;
			buildActionMask = 2147483647;
			files = (
				9F9457E5255FA9C80024676D /* Assets.xcassets in Resources */,
				9F9457E1255FA9C70024676D /* Main.storyboard in Resources */,
			);
			runOnlyForDeploymentPostprocessing = 0;
		};
		9F9457E9255FA9C80024676D /* Resources */ = {
			isa = PBXResourcesBuildPhase;
			buildActionMask = 2147483647;
			files = (
			);
			runOnlyForDeploymentPostprocessing = 0;
		};
		9F9457F4255FA9C80024676D /* Resources */ = {
			isa = PBXResourcesBuildPhase;
			buildActionMask = 2147483647;
			files = (
			);
			runOnlyForDeploymentPostprocessing = 0;
		};
		9F9457FF255FA9C80024676D /* Resources */ = {
			isa = PBXResourcesBuildPhase;
			buildActionMask = 2147483647;
			files = (
				9F945832255FAA140024676D /* loader.gif in Resources */,
				9F945813255FA9C80024676D /* background.js in Resources */,
				9F945819255FA9C80024676D /* popup.css in Resources */,
				9F945817255FA9C80024676D /* popup.html in Resources */,
				9F94580F255FA9C80024676D /* images in Resources */,
				9F945811255FA9C80024676D /* manifest.json in Resources */,
				9F94580D255FA9C80024676D /* _locales in Resources */,
				9F945815255FA9C80024676D /* content.js in Resources */,
				9F94581B255FA9C80024676D /* popup.js in Resources */,
			);
			runOnlyForDeploymentPostprocessing = 0;
		};
/* End PBXResourcesBuildPhase section */

/* Begin PBXSourcesBuildPhase section */
		9F9457D5255FA9C70024676D /* Sources */ = {
			isa = PBXSourcesBuildPhase;
			buildActionMask = 2147483647;
			files = (
				9F9457E3255FA9C70024676D /* ViewController.swift in Sources */,
				9F9457DE255FA9C70024676D /* AppDelegate.swift in Sources */,
			);
			runOnlyForDeploymentPostprocessing = 0;
		};
		9F9457E7255FA9C80024676D /* Sources */ = {
			isa = PBXSourcesBuildPhase;
			buildActionMask = 2147483647;
			files = (
				9F9457F0255FA9C80024676D /* DEFINITYTests.swift in Sources */,
			);
			runOnlyForDeploymentPostprocessing = 0;
		};
		9F9457F2255FA9C80024676D /* Sources */ = {
			isa = PBXSourcesBuildPhase;
			buildActionMask = 2147483647;
			files = (
				9F9457FB255FA9C80024676D /* DEFINITYUITests.swift in Sources */,
			);
			runOnlyForDeploymentPostprocessing = 0;
		};
		9F9457FD255FA9C80024676D /* Sources */ = {
			isa = PBXSourcesBuildPhase;
			buildActionMask = 2147483647;
			files = (
				9F94580A255FA9C80024676D /* SafariWebExtensionHandler.swift in Sources */,
			);
			runOnlyForDeploymentPostprocessing = 0;
		};
/* End PBXSourcesBuildPhase section */

/* Begin PBXTargetDependency section */
		9F9457ED255FA9C80024676D /* PBXTargetDependency */ = {
			isa = PBXTargetDependency;
			target = 9F9457D8255FA9C70024676D /* DEFINITY */;
			targetProxy = 9F9457EC255FA9C80024676D /* PBXContainerItemProxy */;
		};
		9F9457F8255FA9C80024676D /* PBXTargetDependency */ = {
			isa = PBXTargetDependency;
			target = 9F9457D8255FA9C70024676D /* DEFINITY */;
			targetProxy = 9F9457F7255FA9C80024676D /* PBXContainerItemProxy */;
		};
		9F945804255FA9C80024676D /* PBXTargetDependency */ = {
			isa = PBXTargetDependency;
			target = 9F945800255FA9C80024676D /* DEFINITY Extension */;
			targetProxy = 9F945803255FA9C80024676D /* PBXContainerItemProxy */;
		};
/* End PBXTargetDependency section */

/* Begin PBXVariantGroup section */
		9F9457DF255FA9C70024676D /* Main.storyboard */ = {
			isa = PBXVariantGroup;
			children = (
				9F9457E0255FA9C70024676D /* Base */,
			);
			name = Main.storyboard;
			sourceTree = "<group>";
		};
/* End PBXVariantGroup section */

/* Begin XCBuildConfiguration section */
		9F94581E255FA9C80024676D /* Debug */ = {
			isa = XCBuildConfiguration;
			buildSettings = {
				ALWAYS_SEARCH_USER_PATHS = NO;
				CLANG_ANALYZER_NONNULL = YES;
				CLANG_ANALYZER_NUMBER_OBJECT_CONVERSION = YES_AGGRESSIVE;
				CLANG_CXX_LANGUAGE_STANDARD = "gnu++14";
				CLANG_CXX_LIBRARY = "libc++";
				CLANG_ENABLE_MODULES = YES;
				CLANG_ENABLE_OBJC_ARC = YES;
				CLANG_ENABLE_OBJC_WEAK = YES;
				CLANG_WARN_BLOCK_CAPTURE_AUTORELEASING = YES;
				CLANG_WARN_BOOL_CONVERSION = YES;
				CLANG_WARN_COMMA = YES;
				CLANG_WARN_CONSTANT_CONVERSION = YES;
				CLANG_WARN_DEPRECATED_OBJC_IMPLEMENTATIONS = YES;
				CLANG_WARN_DIRECT_OBJC_ISA_USAGE = YES_ERROR;
				CLANG_WARN_DOCUMENTATION_COMMENTS = YES;
				CLANG_WARN_EMPTY_BODY = YES;
				CLANG_WARN_ENUM_CONVERSION = YES;
				CLANG_WARN_INFINITE_RECURSION = YES;
				CLANG_WARN_INT_CONVERSION = YES;
				CLANG_WARN_NON_LITERAL_NULL_CONVERSION = YES;
				CLANG_WARN_OBJC_IMPLICIT_RETAIN_SELF = YES;
				CLANG_WARN_OBJC_LITERAL_CONVERSION = YES;
				CLANG_WARN_OBJC_ROOT_CLASS = YES_ERROR;
				CLANG_WARN_QUOTED_INCLUDE_IN_FRAMEWORK_HEADER = YES;
				CLANG_WARN_RANGE_LOOP_ANALYSIS = YES;
				CLANG_WARN_STRICT_PROTOTYPES = YES;
				CLANG_WARN_SUSPICIOUS_MOVE = YES;
				CLANG_WARN_UNGUARDED_AVAILABILITY = YES_AGGRESSIVE;
				CLANG_WARN_UNREACHABLE_CODE = YES;
				CLANG_WARN__DUPLICATE_METHOD_MATCH = YES;
				COPY_PHASE_STRIP = NO;
				DEBUG_INFORMATION_FORMAT = dwarf;
				ENABLE_STRICT_OBJC_MSGSEND = YES;
				ENABLE_TESTABILITY = YES;
				GCC_C_LANGUAGE_STANDARD = gnu11;
				GCC_DYNAMIC_NO_PIC = NO;
				GCC_NO_COMMON_BLOCKS = YES;
				GCC_OPTIMIZATION_LEVEL = 0;
				GCC_PREPROCESSOR_DEFINITIONS = (
					"DEBUG=1",
					"$(inherited)",
				);
				GCC_WARN_64_TO_32_BIT_CONVERSION = YES;
				GCC_WARN_ABOUT_RETURN_TYPE = YES_ERROR;
				GCC_WARN_UNDECLARED_SELECTOR = YES;
				GCC_WARN_UNINITIALIZED_AUTOS = YES_AGGRESSIVE;
				GCC_WARN_UNUSED_FUNCTION = YES;
				GCC_WARN_UNUSED_VARIABLE = YES;
				MACOSX_DEPLOYMENT_TARGET = 11.0;
				MTL_ENABLE_DEBUG_INFO = INCLUDE_SOURCE;
				MTL_FAST_MATH = YES;
				ONLY_ACTIVE_ARCH = YES;
				SDKROOT = macosx;
				SWIFT_ACTIVE_COMPILATION_CONDITIONS = DEBUG;
				SWIFT_OPTIMIZATION_LEVEL = "-Onone";
			};
			name = Debug;
		};
		9F94581F255FA9C80024676D /* Release */ = {
			isa = XCBuildConfiguration;
			buildSettings = {
				ALWAYS_SEARCH_USER_PATHS = NO;
				CLANG_ANALYZER_NONNULL = YES;
				CLANG_ANALYZER_NUMBER_OBJECT_CONVERSION = YES_AGGRESSIVE;
				CLANG_CXX_LANGUAGE_STANDARD = "gnu++14";
				CLANG_CXX_LIBRARY = "libc++";
				CLANG_ENABLE_MODULES = YES;
				CLANG_ENABLE_OBJC_ARC = YES;
				CLANG_ENABLE_OBJC_WEAK = YES;
				CLANG_WARN_BLOCK_CAPTURE_AUTORELEASING = YES;
				CLANG_WARN_BOOL_CONVERSION = YES;
				CLANG_WARN_COMMA = YES;
				CLANG_WARN_CONSTANT_CONVERSION = YES;
				CLANG_WARN_DEPRECATED_OBJC_IMPLEMENTATIONS = YES;
				CLANG_WARN_DIRECT_OBJC_ISA_USAGE = YES_ERROR;
				CLANG_WARN_DOCUMENTATION_COMMENTS = YES;
				CLANG_WARN_EMPTY_BODY = YES;
				CLANG_WARN_ENUM_CONVERSION = YES;
				CLANG_WARN_INFINITE_RECURSION = YES;
				CLANG_WARN_INT_CONVERSION = YES;
				CLANG_WARN_NON_LITERAL_NULL_CONVERSION = YES;
				CLANG_WARN_OBJC_IMPLICIT_RETAIN_SELF = YES;
				CLANG_WARN_OBJC_LITERAL_CONVERSION = YES;
				CLANG_WARN_OBJC_ROOT_CLASS = YES_ERROR;
				CLANG_WARN_QUOTED_INCLUDE_IN_FRAMEWORK_HEADER = YES;
				CLANG_WARN_RANGE_LOOP_ANALYSIS = YES;
				CLANG_WARN_STRICT_PROTOTYPES = YES;
				CLANG_WARN_SUSPICIOUS_MOVE = YES;
				CLANG_WARN_UNGUARDED_AVAILABILITY = YES_AGGRESSIVE;
				CLANG_WARN_UNREACHABLE_CODE = YES;
				CLANG_WARN__DUPLICATE_METHOD_MATCH = YES;
				COPY_PHASE_STRIP = NO;
				DEBUG_INFORMATION_FORMAT = "dwarf-with-dsym";
				ENABLE_NS_ASSERTIONS = NO;
				ENABLE_STRICT_OBJC_MSGSEND = YES;
				GCC_C_LANGUAGE_STANDARD = gnu11;
				GCC_NO_COMMON_BLOCKS = YES;
				GCC_WARN_64_TO_32_BIT_CONVERSION = YES;
				GCC_WARN_ABOUT_RETURN_TYPE = YES_ERROR;
				GCC_WARN_UNDECLARED_SELECTOR = YES;
				GCC_WARN_UNINITIALIZED_AUTOS = YES_AGGRESSIVE;
				GCC_WARN_UNUSED_FUNCTION = YES;
				GCC_WARN_UNUSED_VARIABLE = YES;
				MACOSX_DEPLOYMENT_TARGET = 11.0;
				MTL_ENABLE_DEBUG_INFO = NO;
				MTL_FAST_MATH = YES;
				SDKROOT = macosx;
				SWIFT_COMPILATION_MODE = wholemodule;
				SWIFT_OPTIMIZATION_LEVEL = "-O";
			};
			name = Release;
		};
		9F945821255FA9C80024676D /* Debug */ = {
			isa = XCBuildConfiguration;
			buildSettings = {
				CODE_SIGN_ENTITLEMENTS = "DEFINITY Extension/DEFINITY_Extension.entitlements";
				CODE_SIGN_STYLE = Automatic;
				DEVELOPMENT_TEAM = TZ7VQP664P;
				ENABLE_HARDENED_RUNTIME = YES;
				INFOPLIST_FILE = "DEFINITY Extension/Info.plist";
				LD_RUNPATH_SEARCH_PATHS = (
					"$(inherited)",
					"@executable_path/../Frameworks",
					"@executable_path/../../../../Frameworks",
				);
				MACOSX_DEPLOYMENT_TARGET = 10.14;
				PRODUCT_BUNDLE_IDENTIFIER = DEFINITY.DEFINITY.Extension;
				PRODUCT_NAME = "$(TARGET_NAME)";
				SKIP_INSTALL = YES;
				SWIFT_VERSION = 5.0;
			};
			name = Debug;
		};
		9F945822255FA9C80024676D /* Release */ = {
			isa = XCBuildConfiguration;
			buildSettings = {
				CODE_SIGN_ENTITLEMENTS = "DEFINITY Extension/DEFINITY_Extension.entitlements";
				CODE_SIGN_STYLE = Automatic;
				DEVELOPMENT_TEAM = TZ7VQP664P;
				ENABLE_HARDENED_RUNTIME = YES;
				INFOPLIST_FILE = "DEFINITY Extension/Info.plist";
				LD_RUNPATH_SEARCH_PATHS = (
					"$(inherited)",
					"@executable_path/../Frameworks",
					"@executable_path/../../../../Frameworks",
				);
				MACOSX_DEPLOYMENT_TARGET = 10.14;
				PRODUCT_BUNDLE_IDENTIFIER = DEFINITY.DEFINITY.Extension;
				PRODUCT_NAME = "$(TARGET_NAME)";
				SKIP_INSTALL = YES;
				SWIFT_VERSION = 5.0;
			};
			name = Release;
		};
		9F945825255FA9C80024676D /* Debug */ = {
			isa = XCBuildConfiguration;
			buildSettings = {
				ALWAYS_EMBED_SWIFT_STANDARD_LIBRARIES = YES;
				ASSETCATALOG_COMPILER_APPICON_NAME = AppIcon;
				ASSETCATALOG_COMPILER_GLOBAL_ACCENT_COLOR_NAME = AccentColor;
				CODE_SIGN_ENTITLEMENTS = DEFINITY/DEFINITY.entitlements;
				CODE_SIGN_STYLE = Automatic;
				COMBINE_HIDPI_IMAGES = YES;
				DEVELOPMENT_TEAM = TZ7VQP664P;
				ENABLE_HARDENED_RUNTIME = YES;
				INFOPLIST_FILE = DEFINITY/Info.plist;
				LD_RUNPATH_SEARCH_PATHS = (
					"$(inherited)",
					"@executable_path/../Frameworks",
				);
				MACOSX_DEPLOYMENT_TARGET = 10.14;
				PRODUCT_BUNDLE_IDENTIFIER = DEFINITY.DEFINITY;
				PRODUCT_NAME = "$(TARGET_NAME)";
				SWIFT_VERSION = 5.0;
			};
			name = Debug;
		};
		9F945826255FA9C80024676D /* Release */ = {
			isa = XCBuildConfiguration;
			buildSettings = {
				ALWAYS_EMBED_SWIFT_STANDARD_LIBRARIES = YES;
				ASSETCATALOG_COMPILER_APPICON_NAME = AppIcon;
				ASSETCATALOG_COMPILER_GLOBAL_ACCENT_COLOR_NAME = AccentColor;
				CODE_SIGN_ENTITLEMENTS = DEFINITY/DEFINITY.entitlements;
				CODE_SIGN_STYLE = Automatic;
				COMBINE_HIDPI_IMAGES = YES;
				DEVELOPMENT_TEAM = TZ7VQP664P;
				ENABLE_HARDENED_RUNTIME = YES;
				INFOPLIST_FILE = DEFINITY/Info.plist;
				LD_RUNPATH_SEARCH_PATHS = (
					"$(inherited)",
					"@executable_path/../Frameworks",
				);
				MACOSX_DEPLOYMENT_TARGET = 10.14;
				PRODUCT_BUNDLE_IDENTIFIER = DEFINITY.DEFINITY;
				PRODUCT_NAME = "$(TARGET_NAME)";
				SWIFT_VERSION = 5.0;
			};
			name = Release;
		};
		9F945828255FA9C80024676D /* Debug */ = {
			isa = XCBuildConfiguration;
			buildSettings = {
				ALWAYS_EMBED_SWIFT_STANDARD_LIBRARIES = YES;
				BUNDLE_LOADER = "$(TEST_HOST)";
				CODE_SIGN_STYLE = Automatic;
				COMBINE_HIDPI_IMAGES = YES;
				DEVELOPMENT_TEAM = TZ7VQP664P;
				INFOPLIST_FILE = DEFINITYTests/Info.plist;
				LD_RUNPATH_SEARCH_PATHS = (
					"$(inherited)",
					"@executable_path/../Frameworks",
					"@loader_path/../Frameworks",
				);
				MACOSX_DEPLOYMENT_TARGET = 10.14;
				PRODUCT_BUNDLE_IDENTIFIER = DEFINITY.DEFINITYTests;
				PRODUCT_NAME = "$(TARGET_NAME)";
				SWIFT_VERSION = 5.0;
				TEST_HOST = "$(BUILT_PRODUCTS_DIR)/DEFINITY.app/Contents/MacOS/DEFINITY";
			};
			name = Debug;
		};
		9F945829255FA9C80024676D /* Release */ = {
			isa = XCBuildConfiguration;
			buildSettings = {
				ALWAYS_EMBED_SWIFT_STANDARD_LIBRARIES = YES;
				BUNDLE_LOADER = "$(TEST_HOST)";
				CODE_SIGN_STYLE = Automatic;
				COMBINE_HIDPI_IMAGES = YES;
				DEVELOPMENT_TEAM = TZ7VQP664P;
				INFOPLIST_FILE = DEFINITYTests/Info.plist;
				LD_RUNPATH_SEARCH_PATHS = (
					"$(inherited)",
					"@executable_path/../Frameworks",
					"@loader_path/../Frameworks",
				);
				MACOSX_DEPLOYMENT_TARGET = 10.14;
				PRODUCT_BUNDLE_IDENTIFIER = DEFINITY.DEFINITYTests;
				PRODUCT_NAME = "$(TARGET_NAME)";
				SWIFT_VERSION = 5.0;
				TEST_HOST = "$(BUILT_PRODUCTS_DIR)/DEFINITY.app/Contents/MacOS/DEFINITY";
			};
			name = Release;
		};
		9F94582B255FA9C80024676D /* Debug */ = {
			isa = XCBuildConfiguration;
			buildSettings = {
				ALWAYS_EMBED_SWIFT_STANDARD_LIBRARIES = YES;
				CODE_SIGN_STYLE = Automatic;
				COMBINE_HIDPI_IMAGES = YES;
				DEVELOPMENT_TEAM = TZ7VQP664P;
				INFOPLIST_FILE = DEFINITYUITests/Info.plist;
				LD_RUNPATH_SEARCH_PATHS = (
					"$(inherited)",
					"@executable_path/../Frameworks",
					"@loader_path/../Frameworks",
				);
				PRODUCT_BUNDLE_IDENTIFIER = DEFINITY.DEFINITYUITests;
				PRODUCT_NAME = "$(TARGET_NAME)";
				SWIFT_VERSION = 5.0;
				TEST_TARGET_NAME = DEFINITY;
			};
			name = Debug;
		};
		9F94582C255FA9C80024676D /* Release */ = {
			isa = XCBuildConfiguration;
			buildSettings = {
				ALWAYS_EMBED_SWIFT_STANDARD_LIBRARIES = YES;
				CODE_SIGN_STYLE = Automatic;
				COMBINE_HIDPI_IMAGES = YES;
				DEVELOPMENT_TEAM = TZ7VQP664P;
				INFOPLIST_FILE = DEFINITYUITests/Info.plist;
				LD_RUNPATH_SEARCH_PATHS = (
					"$(inherited)",
					"@executable_path/../Frameworks",
					"@loader_path/../Frameworks",
				);
				PRODUCT_BUNDLE_IDENTIFIER = DEFINITY.DEFINITYUITests;
				PRODUCT_NAME = "$(TARGET_NAME)";
				SWIFT_VERSION = 5.0;
				TEST_TARGET_NAME = DEFINITY;
			};
			name = Release;
		};
/* End XCBuildConfiguration section */

/* Begin XCConfigurationList section */
		9F9457D4255FA9C70024676D /* Build configuration list for PBXProject "DEFINITY" */ = {
			isa = XCConfigurationList;
			buildConfigurations = (
				9F94581E255FA9C80024676D /* Debug */,
				9F94581F255FA9C80024676D /* Release */,
			);
			defaultConfigurationIsVisible = 0;
			defaultConfigurationName = Release;
		};
		9F945820255FA9C80024676D /* Build configuration list for PBXNativeTarget "DEFINITY Extension" */ = {
			isa = XCConfigurationList;
			buildConfigurations = (
				9F945821255FA9C80024676D /* Debug */,
				9F945822255FA9C80024676D /* Release */,
			);
			defaultConfigurationIsVisible = 0;
			defaultConfigurationName = Release;
		};
		9F945824255FA9C80024676D /* Build configuration list for PBXNativeTarget "DEFINITY" */ = {
			isa = XCConfigurationList;
			buildConfigurations = (
				9F945825255FA9C80024676D /* Debug */,
				9F945826255FA9C80024676D /* Release */,
			);
			defaultConfigurationIsVisible = 0;
			defaultConfigurationName = Release;
		};
		9F945827255FA9C80024676D /* Build configuration list for PBXNativeTarget "DEFINITYTests" */ = {
			isa = XCConfigurationList;
			buildConfigurations = (
				9F945828255FA9C80024676D /* Debug */,
				9F945829255FA9C80024676D /* Release */,
			);
			defaultConfigurationIsVisible = 0;
			defaultConfigurationName = Release;
		};
		9F94582A255FA9C80024676D /* Build configuration list for PBXNativeTarget "DEFINITYUITests" */ = {
			isa = XCConfigurationList;
			buildConfigurations = (
				9F94582B255FA9C80024676D /* Debug */,
				9F94582C255FA9C80024676D /* Release */,
			);
			defaultConfigurationIsVisible = 0;
			defaultConfigurationName = Release;
		};
/* End XCConfigurationList section */
	};
	rootObject = 9F9457D1255FA9C70024676D /* Project object */;
}
